
Microsoft Visual Studio Solution File, Format Version 12.00
# Visual Studio Version 16
VisualStudioVersion = 16.0.32413.511
MinimumVisualStudioVersion = 10.0.40219.1
Project("{9A19103F-16F7-4668-BE54-9A1E7A4F7556}") = "S08_DependencyInjection", "S08_DependencyInjection\S08_DependencyInjection.csproj", "{FFFCCED6-0C5B-4C2C-A7B1-896270172092}"
EndProject
Project("{FAE04EC0-301F-11D3-BF4B-00C04F79EFBC}") = "S08_DependencyInjection_Models", "S08_DependencyInjection_Models\S08_DependencyInjection_Models.csproj", "{408518F0-A42B-4065-8660-1C9437B2DAB8}"
EndProject
Project("{FAE04EC0-301F-11D3-BF4B-00C04F79EFBC}") = "S08_DependencyInjection_Services", "S08_DependencyInjection_Services\S08_DependencyInjection_Services.csproj", "{80D3F017-549F-4C82-B4C5-C39E7C977846}"
EndProject
Global
	GlobalSection(SolutionConfigurationPlatforms) = preSolution
		Debug|Any CPU = Debug|Any CPU
		Release|Any CPU = Release|Any CPU
	EndGlobalSection
	GlobalSection(ProjectConfigurationPlatforms) = postSolution
		{FFFCCED6-0C5B-4C2C-A7B1-896270172092}.Debug|Any CPU.ActiveCfg = Debug|Any CPU
		{FFFCCED6-0C5B-4C2C-A7B1-896270172092}.Debug|Any CPU.Build.0 = Debug|Any CPU
		{FFFCCED6-0C5B-4C2C-A7B1-896270172092}.Release|Any CPU.ActiveCfg = Release|Any CPU
		{FFFCCED6-0C5B-4C2C-A7B1-896270172092}.Release|Any CPU.Build.0 = Release|Any CPU
		{408518F0-A42B-4065-8660-1C9437B2DAB8}.Debug|Any CPU.ActiveCfg = Debug|Any CPU
		{408518F0-A42B-4065-8660-1C9437B2DAB8}.Debug|Any CPU.Build.0 = Debug|Any CPU
		{408518F0-A42B-4065-8660-1C9437B2DAB8}.Release|Any CPU.ActiveCfg = Release|Any CPU
		{408518F0-A42B-4065-8660-1C9437B2DAB8}.Release|Any CPU.Build.0 = Release|Any CPU
		{80D3F017-549F-4C82-B4C5-C39E7C977846}.Debug|Any CPU.ActiveCfg = Debug|Any CPU
		{80D3F017-549F-4C82-B4C5-C39E7C977846}.Debug|Any CPU.Build.0 = Debug|Any CPU
		{80D3F017-549F-4C82-B4C5-C39E7C977846}.Release|Any CPU.ActiveCfg = Release|Any CPU
		{80D3F017-549F-4C82-B4C5-C39E7C977846}.Release|Any CPU.Build.0 = Release|Any CPU
	EndGlobalSection
	GlobalSection(SolutionProperties) = preSolution
		HideSolutionNode = FALSE
	EndGlobalSection
	GlobalSection(ExtensibilityGlobals) = postSolution
		SolutionGuid = {FC61CA7A-39C7-4563-92F5-2AFA37BF3A7D}
	EndGlobalSection
EndGlobal
