
Microsoft Visual Studio Solution File, Format Version 12.00
# Visual Studio Version 16
VisualStudioVersion = 16.0.32413.511
MinimumVisualStudioVersion = 10.0.40219.1
Project("{FAE04EC0-301F-11D3-BF4B-00C04F79EFBC}") = "S08B_DependencyInjection_Services", "S08B_DependencyInjection_Services\S08B_DependencyInjection_Services.csproj", "{473EA5B4-7665-4224-9897-75BED05FA61D}"
EndProject
Project("{FAE04EC0-301F-11D3-BF4B-00C04F79EFBC}") = "S08B_DependencyInjection", "S08B_DependencyInjection\S08B_DependencyInjection.csproj", "{52C7D725-B07B-4891-84FA-20B6111B076C}"
EndProject
Project("{FAE04EC0-301F-11D3-BF4B-00C04F79EFBC}") = "S08B_DependencyInjection_Models", "S08B_DependencyInjection_Models\S08B_DependencyInjection_Models.csproj", "{F1C7B4BC-33EF-4B5F-9E67-17351B4D4BD7}"
EndProject
Global
	GlobalSection(SolutionConfigurationPlatforms) = preSolution
		Debug|Any CPU = Debug|Any CPU
		Release|Any CPU = Release|Any CPU
	EndGlobalSection
	GlobalSection(ProjectConfigurationPlatforms) = postSolution
		{473EA5B4-7665-4224-9897-75BED05FA61D}.Debug|Any CPU.ActiveCfg = Debug|Any CPU
		{473EA5B4-7665-4224-9897-75BED05FA61D}.Debug|Any CPU.Build.0 = Debug|Any CPU
		{473EA5B4-7665-4224-9897-75BED05FA61D}.Release|Any CPU.ActiveCfg = Release|Any CPU
		{473EA5B4-7665-4224-9897-75BED05FA61D}.Release|Any CPU.Build.0 = Release|Any CPU
		{52C7D725-B07B-4891-84FA-20B6111B076C}.Debug|Any CPU.ActiveCfg = Debug|Any CPU
		{52C7D725-B07B-4891-84FA-20B6111B076C}.Debug|Any CPU.Build.0 = Debug|Any CPU
		{52C7D725-B07B-4891-84FA-20B6111B076C}.Release|Any CPU.ActiveCfg = Release|Any CPU
		{52C7D725-B07B-4891-84FA-20B6111B076C}.Release|Any CPU.Build.0 = Release|Any CPU
		{F1C7B4BC-33EF-4B5F-9E67-17351B4D4BD7}.Debug|Any CPU.ActiveCfg = Debug|Any CPU
		{F1C7B4BC-33EF-4B5F-9E67-17351B4D4BD7}.Debug|Any CPU.Build.0 = Debug|Any CPU
		{F1C7B4BC-33EF-4B5F-9E67-17351B4D4BD7}.Release|Any CPU.ActiveCfg = Release|Any CPU
		{F1C7B4BC-33EF-4B5F-9E67-17351B4D4BD7}.Release|Any CPU.Build.0 = Release|Any CPU
	EndGlobalSection
	GlobalSection(SolutionProperties) = preSolution
		HideSolutionNode = FALSE
	EndGlobalSection
	GlobalSection(ExtensibilityGlobals) = postSolution
		SolutionGuid = {217723C8-CEAA-4BBD-8D9B-7CB129CC9188}
	EndGlobalSection
EndGlobal
